
Microsoft Visual Studio Solution File, Format Version 12.00
# Visual Studio 15
VisualStudioVersion = 15.0.27004.2009
MinimumVisualStudioVersion = 10.0.40219.1
Project("{FAE04EC0-301F-11D3-BF4B-00C04F79EFBC}") = "MorseToAlpha", "MorseToAlpha\MorseToAlpha.csproj", "{D3155DEC-2F3C-4845-8D4F-3939CF1EA5F0}"
EndProject
Global
	GlobalSection(SolutionConfigurationPlatforms) = preSolution
		Debug|Any CPU = Debug|Any CPU
		Release|Any CPU = Release|Any CPU
	EndGlobalSection
	GlobalSection(ProjectConfigurationPlatforms) = postSolution
		{D3155DEC-2F3C-4845-8D4F-3939CF1EA5F0}.Debug|Any CPU.ActiveCfg = Debug|Any CPU
		{D3155DEC-2F3C-4845-8D4F-3939CF1EA5F0}.Debug|Any CPU.Build.0 = Debug|Any CPU
		{D3155DEC-2F3C-4845-8D4F-3939CF1EA5F0}.Release|Any CPU.ActiveCfg = Release|Any CPU
		{D3155DEC-2F3C-4845-8D4F-3939CF1EA5F0}.Release|Any CPU.Build.0 = Release|Any CPU
	EndGlobalSection
	GlobalSection(SolutionProperties) = preSolution
		HideSolutionNode = FALSE
	EndGlobalSection
	GlobalSection(ExtensibilityGlobals) = postSolution
		SolutionGuid = {80296258-8574-44FA-93CB-58B44F03B94B}
	EndGlobalSection
EndGlobal
